
Microsoft Visual Studio Solution File, Format Version 12.00
# Visual Studio Version 17
VisualStudioVersion = 17.10.35027.167
MinimumVisualStudioVersion = 10.0.40219.1
Project("{FAE04EC0-301F-11D3-BF4B-00C04F79EFBC}") = "DPM225522_NguyenBaoVy_Pattern20_Observer", "DPM225522_NguyenBaoVy_Pattern20_Observer\DPM225522_NguyenBaoVy_Pattern20_Observer.csproj", "{6932EBE9-4B7F-457B-85E2-18E5EA74A421}"
EndProject
Global
	GlobalSection(SolutionConfigurationPlatforms) = preSolution
		Debug|Any CPU = Debug|Any CPU
		Release|Any CPU = Release|Any CPU
	EndGlobalSection
	GlobalSection(ProjectConfigurationPlatforms) = postSolution
		{6932EBE9-4B7F-457B-85E2-18E5EA74A421}.Debug|Any CPU.ActiveCfg = Debug|Any CPU
		{6932EBE9-4B7F-457B-85E2-18E5EA74A421}.Debug|Any CPU.Build.0 = Debug|Any CPU
		{6932EBE9-4B7F-457B-85E2-18E5EA74A421}.Release|Any CPU.ActiveCfg = Release|Any CPU
		{6932EBE9-4B7F-457B-85E2-18E5EA74A421}.Release|Any CPU.Build.0 = Release|Any CPU
	EndGlobalSection
	GlobalSection(SolutionProperties) = preSolution
		HideSolutionNode = FALSE
	EndGlobalSection
	GlobalSection(ExtensibilityGlobals) = postSolution
		SolutionGuid = {B609B3D1-9801-48D5-A337-7A23E41A1DCB}
	EndGlobalSection
EndGlobal
