
Microsoft Visual Studio Solution File, Format Version 12.00
# Visual Studio Version 17
VisualStudioVersion = 17.10.35027.167
MinimumVisualStudioVersion = 10.0.40219.1
Project("{FAE04EC0-301F-11D3-BF4B-00C04F79EFBC}") = "DPM225506_NgoThiNhuY_Real19_State", "DPM225506_NgoThiNhuY_Real19_State\DPM225506_NgoThiNhuY_Real19_State.csproj", "{7384EEEC-98A0-4BE7-9287-1E90E984FA7B}"
EndProject
Global
	GlobalSection(SolutionConfigurationPlatforms) = preSolution
		Debug|Any CPU = Debug|Any CPU
		Release|Any CPU = Release|Any CPU
	EndGlobalSection
	GlobalSection(ProjectConfigurationPlatforms) = postSolution
		{7384EEEC-98A0-4BE7-9287-1E90E984FA7B}.Debug|Any CPU.ActiveCfg = Debug|Any CPU
		{7384EEEC-98A0-4BE7-9287-1E90E984FA7B}.Debug|Any CPU.Build.0 = Debug|Any CPU
		{7384EEEC-98A0-4BE7-9287-1E90E984FA7B}.Release|Any CPU.ActiveCfg = Release|Any CPU
		{7384EEEC-98A0-4BE7-9287-1E90E984FA7B}.Release|Any CPU.Build.0 = Release|Any CPU
	EndGlobalSection
	GlobalSection(SolutionProperties) = preSolution
		HideSolutionNode = FALSE
	EndGlobalSection
	GlobalSection(ExtensibilityGlobals) = postSolution
		SolutionGuid = {DFB0B5FD-1C46-428B-ABF8-A46004960211}
	EndGlobalSection
EndGlobal
