
Microsoft Visual Studio Solution File, Format Version 12.00
# Visual Studio Version 17
VisualStudioVersion = 17.13.35825.156
MinimumVisualStudioVersion = 10.0.40219.1
Project("{9A19103F-16F7-4668-BE54-9A1E7A4F7556}") = "DPM225407_NguyenHuuDuy_Patterns_01_AbstractFactory", "DPM225407_NguyenHuuDuy\DPM225407_NguyenHuuDuy_Patterns_01_AbstractFactory.csproj", "{126A4743-65E6-4C93-A005-61026A7C2280}"
EndProject
Project("{9A19103F-16F7-4668-BE54-9A1E7A4F7556}") = "DPM225407_NguyenHuuDuy_Real_01_AbstractFactory", "DPM225407_NguyenHuuDuy_Real_01_AbstractFactory\DPM225407_NguyenHuuDuy_Real_01_AbstractFactory.csproj", "{3753886A-977F-4234-AA3E-1169E1BAA6B0}"
EndProject
Project("{9A19103F-16F7-4668-BE54-9A1E7A4F7556}") = "DPM225407_NguyenHuuDuy_Patterns_02_Builder", "DPM225407_NguyenHuuDuy_Patterns_02_Builder\DPM225407_NguyenHuuDuy_Patterns_02_Builder.csproj", "{3FC3A150-A330-4178-849E-7DEA958AE173}"
EndProject
Project("{9A19103F-16F7-4668-BE54-9A1E7A4F7556}") = "DPM225407_NguyenHuuDuy_Real_02_Builder", "DPM225407_NguyenHuuDuy_Real_02_Builder\DPM225407_NguyenHuuDuy_Real_02_Builder.csproj", "{EF699C97-9D93-4AFA-9916-4AA530CFB404}"
EndProject
Project("{9A19103F-16F7-4668-BE54-9A1E7A4F7556}") = "DPM225407_NguyenHuuDuy_Patterns_03_FactoryMethod", "DPM225407_NguyenHuuDuy_Patterns_03_FactoryMethod\DPM225407_NguyenHuuDuy_Patterns_03_FactoryMethod.csproj", "{B95C9653-6E48-4EF5-A8B4-39506078B450}"
EndProject
Project("{9A19103F-16F7-4668-BE54-9A1E7A4F7556}") = "DPM225407_NguyenHuuDuy_Real_03_FactoryMethod", "DPM225407_NguyenHuuDuy_Real_03_FactoryMethod\DPM225407_NguyenHuuDuy_Real_03_FactoryMethod.csproj", "{50A21CD8-6BE1-473E-9264-5E9A71C6C640}"
EndProject
Project("{9A19103F-16F7-4668-BE54-9A1E7A4F7556}") = "DPM225407_NguyenHuuDuy_Patterns_04_Prototype", "DPM225407_NguyenHuuDuy_Patterns_04_Prototype\DPM225407_NguyenHuuDuy_Patterns_04_Prototype.csproj", "{C4082BD7-82A9-4478-B7C9-EC182DA4334C}"
EndProject
Project("{9A19103F-16F7-4668-BE54-9A1E7A4F7556}") = "DPM225407_NguyenHuuDuy_Real_04_Prototype", "DPM225407_NguyenHuuDuy_Real_04_Prototype\DPM225407_NguyenHuuDuy_Real_04_Prototype.csproj", "{5F7E7C67-D3FC-4D1B-A39F-CE3B8C69008A}"
EndProject
Project("{9A19103F-16F7-4668-BE54-9A1E7A4F7556}") = "DPM225407_NguyenHuuDuy_Patterns_05_Singleton", "DPM225407_NguyenHuuDuy_Patterns_05_Singleton\DPM225407_NguyenHuuDuy_Patterns_05_Singleton.csproj", "{C8DE3AEE-5EC7-44EF-A0D0-E6A3C42511B4}"
EndProject
Project("{9A19103F-16F7-4668-BE54-9A1E7A4F7556}") = "DPM225407_NguyenHuuDuy_Real_05_Singleton", "DPM225407_NguyenHuuDuy_Real_05_Singleton\DPM225407_NguyenHuuDuy_Real_05_Singleton.csproj", "{61391C8C-EFED-4DFE-B0C1-B60F8F2CE775}"
EndProject
Project("{9A19103F-16F7-4668-BE54-9A1E7A4F7556}") = "DPM225407_NguyenHuuDuy_Patterns_06_Adapter", "DPM225407_NguyenHuuDuy_Patterns_06_Adapter\DPM225407_NguyenHuuDuy_Patterns_06_Adapter.csproj", "{39028358-36F9-4F92-8125-559DBC995CF9}"
EndProject
Project("{9A19103F-16F7-4668-BE54-9A1E7A4F7556}") = "DPM225407_NguyenHuuDuy_Real_06_Adapter", "DPM225407_NguyenHuuDuy_Real_06_Adapter\DPM225407_NguyenHuuDuy_Real_06_Adapter.csproj", "{99CE40F8-EC41-4537-BDA6-3CFF4057D62F}"
EndProject
Project("{9A19103F-16F7-4668-BE54-9A1E7A4F7556}") = "DPM225407_NguyenHuuDuy_Patterns_07_Bridge", "DPM225407_NguyenHuuDuy_Patterns_07_Bridge\DPM225407_NguyenHuuDuy_Patterns_07_Bridge.csproj", "{5970A876-BF43-49DF-ADCC-0DA1E8CD6AE5}"
EndProject
Project("{9A19103F-16F7-4668-BE54-9A1E7A4F7556}") = "DPM225407_NguyenHuuDuy_Real_07_Bridge", "DPM225407_NguyenHuuDuy_Real_07_Bridge\DPM225407_NguyenHuuDuy_Real_07_Bridge.csproj", "{43583CDE-D19B-49F9-ACE2-9EE9A96172E8}"
EndProject
Project("{9A19103F-16F7-4668-BE54-9A1E7A4F7556}") = "DPM225407_NguyenHuuDuy_Patterns_08_Composite", "DPM225407_NguyenHuuDuy_Patterns_08_Composite\DPM225407_NguyenHuuDuy_Patterns_08_Composite.csproj", "{ABE235A0-30AC-4A55-A9C3-83BCFCA5C4FB}"
EndProject
Project("{9A19103F-16F7-4668-BE54-9A1E7A4F7556}") = "DPM225407_NguyenHuuDuy_Real_08_Composite", "DPM225407_NguyenHuuDuy_Real_08_Composite\DPM225407_NguyenHuuDuy_Real_08_Composite.csproj", "{3086BC36-ECD1-4821-BBDF-82A3CE4B599F}"
EndProject
Project("{9A19103F-16F7-4668-BE54-9A1E7A4F7556}") = "DPM225407_NguyenHuuDuy_Patterns_09_Decorator", "DPM225407_NguyenHuuDuy_Patterns_09_Decorator\DPM225407_NguyenHuuDuy_Patterns_09_Decorator.csproj", "{754738AC-2F02-45A7-B48E-42F615E9E696}"
EndProject
Project("{9A19103F-16F7-4668-BE54-9A1E7A4F7556}") = "DPM225407_NguyenHuuDuy_Real_09_Decorator", "DPM225407_NguyenHuuDuy_Real_09_Decorator\DPM225407_NguyenHuuDuy_Real_09_Decorator.csproj", "{18F3C4EB-8F78-476D-AA60-0EE9FAAF3DC0}"
EndProject
Project("{9A19103F-16F7-4668-BE54-9A1E7A4F7556}") = "DPM225407_NguyenHuuDuy_Patterns_10_Facade", "DPM225407_NguyenHuuDuy_Patterns_10_Facade\DPM225407_NguyenHuuDuy_Patterns_10_Facade.csproj", "{BAC58781-08F2-4862-BB05-D5C982AF8496}"
EndProject
Project("{9A19103F-16F7-4668-BE54-9A1E7A4F7556}") = "DPM225407_NguyenHuuDuy_Real_10_Facade", "DPM225407_NguyenHuuDuy_Real_10_Facade\DPM225407_NguyenHuuDuy_Real_10_Facade.csproj", "{AF400116-4135-4A2A-8BA2-03357F7FB4FA}"
EndProject
Project("{9A19103F-16F7-4668-BE54-9A1E7A4F7556}") = "DPM225407_NguyenHuuDuy_Patterns_11_Flyweight", "DPM225407_NguyenHuuDuy_Patterns_11_Flyweight\DPM225407_NguyenHuuDuy_Patterns_11_Flyweight.csproj", "{58920B9C-1948-4B6E-AD0A-5F7190A4DE21}"
EndProject
Project("{9A19103F-16F7-4668-BE54-9A1E7A4F7556}") = "DPM225407_NguyenHuuDuy_Real_11_Flyweight", "DPM225407_NguyenHuuDuy_Real_11_Flyweight\DPM225407_NguyenHuuDuy_Real_11_Flyweight.csproj", "{54836F9D-157D-4BE3-B844-FA4B36DE5B06}"
EndProject
Project("{9A19103F-16F7-4668-BE54-9A1E7A4F7556}") = "DPM225407_NguyenHuuDuy_Patterns_12_Proxy", "DPM225407_NguyenHuuDuy_Patterns_12_Proxy\DPM225407_NguyenHuuDuy_Patterns_12_Proxy.csproj", "{202D5121-6F3B-4679-BCFD-96EC3C1635A4}"
EndProject
Project("{9A19103F-16F7-4668-BE54-9A1E7A4F7556}") = "DPM225407_NguyenHuuDuy_Real_12_Proxy", "DPM225407_NguyenHuuDuy_Real_12_Proxy\DPM225407_NguyenHuuDuy_Real_12_Proxy.csproj", "{27CC632C-C48B-4392-871E-A4077541710B}"
EndProject
Project("{9A19103F-16F7-4668-BE54-9A1E7A4F7556}") = "DPM225407_NguyenHuuDuy_Patterns_13_ChainofResp", "DPM225407_NguyenHuuDuy_Patterns_13_ChainofResp\DPM225407_NguyenHuuDuy_Patterns_13_ChainofResp.csproj", "{1651A631-EF32-4C74-ADD9-58845BB005F2}"
EndProject
Project("{9A19103F-16F7-4668-BE54-9A1E7A4F7556}") = "DPM225407_NguyenHuuDuy_Real_13_ChainofResp", "DPM225407_NguyenHuuDuy_Real_13_ChainofResp\DPM225407_NguyenHuuDuy_Real_13_ChainofResp.csproj", "{26C42B49-5050-4F6A-BA31-C461ECA2A10E}"
EndProject
Project("{9A19103F-16F7-4668-BE54-9A1E7A4F7556}") = "DPM225407_NguyenHuuDuy_Patterns_14_Command", "DPM225407_NguyenHuuDuy_Patterns_14_Command\DPM225407_NguyenHuuDuy_Patterns_14_Command.csproj", "{4DD6D5D8-EF72-4CB2-84D0-03E8AAC21862}"
EndProject
Project("{9A19103F-16F7-4668-BE54-9A1E7A4F7556}") = "DPM225407_NguyenHuuDuy_Real_14_Command", "DPM225407_NguyenHuuDuy_Real_14_Command\DPM225407_NguyenHuuDuy_Real_14_Command.csproj", "{3721179C-9C91-442D-AD16-E8132EF0C0A0}"
EndProject
Project("{9A19103F-16F7-4668-BE54-9A1E7A4F7556}") = "DPM225407_NguyenHuuDuy_Patterns_15_Interpreter", "DPM225407_NguyenHuuDuy_Patterns_15_Interpreter\DPM225407_NguyenHuuDuy_Patterns_15_Interpreter.csproj", "{376C488B-2802-40D0-9740-9F88FD681CD5}"
EndProject
Project("{9A19103F-16F7-4668-BE54-9A1E7A4F7556}") = "DPM225407_NguyenHuuDuy_Real_15_ Interpreter", "DPM225407_NguyenHuuDuy_Real_15_ Interpreter\DPM225407_NguyenHuuDuy_Real_15_ Interpreter.csproj", "{4B43E5AB-38E2-46F6-B9F6-29808C6698DB}"
EndProject
Project("{9A19103F-16F7-4668-BE54-9A1E7A4F7556}") = "DPM225407_NguyenHuuDuy_Patterns_16_Iterator", "DPM225407_NguyenHuuDuy_Patterns_16_Iterator\DPM225407_NguyenHuuDuy_Patterns_16_Iterator.csproj", "{BDF1FD8E-C59F-4D39-B0E4-4711631F8F28}"
EndProject
Project("{9A19103F-16F7-4668-BE54-9A1E7A4F7556}") = "DPM225407_NguyenHuuDuy_Real_16_Iterator", "DPM225407_NguyenHuuDuy_Real_16_Iterator\DPM225407_NguyenHuuDuy_Real_16_Iterator.csproj", "{14453A67-B411-430B-AD6B-A2974B877821}"
EndProject
Project("{FAE04EC0-301F-11D3-BF4B-00C04F79EFBC}") = "DPM225407_NguyenHuuDuy_Patterns_17_Mediator", "DPM225407_NguyenHuuDuy_Paterns_17_Mediator\DPM225407_NguyenHuuDuy_Patterns_17_Mediator.csproj", "{65B2DF0D-961D-4B37-9BD9-A6F68BCCD288}"
EndProject
Project("{FAE04EC0-301F-11D3-BF4B-00C04F79EFBC}") = "DPM225407_NguyenHuuDuy_Real_17_Mediator", "DPM225407_NguyenHuuDuy_Real_17_Mediator\DPM225407_NguyenHuuDuy_Real_17_Mediator.csproj", "{974C7C95-5CAE-4054-BB77-48F2910D504F}"
EndProject
Project("{FAE04EC0-301F-11D3-BF4B-00C04F79EFBC}") = "DPM225407_NguyenHuuDuy_Patterns_18_Memento", "DPM225407_NguyenHuuDuy_Patterns_18_Memento\DPM225407_NguyenHuuDuy_Patterns_18_Memento.csproj", "{EF713CBA-938B-4F70-A10A-A7BC0DB78F1E}"
EndProject
Project("{FAE04EC0-301F-11D3-BF4B-00C04F79EFBC}") = "DPM225407_NguyenHuuDuy_Real_18_Memento", "DPM225407_NguyenHuuDuy_Real_18_Memento\DPM225407_NguyenHuuDuy_Real_18_Memento.csproj", "{9FF60004-33FF-4B0F-9C18-8B37B6B1AA66}"
EndProject
Project("{FAE04EC0-301F-11D3-BF4B-00C04F79EFBC}") = "DPM225407_NguyenHuuDuy_Patterns_19_Observer", "DPM225407_NguyenHuuDuy_Patterns_19_Observer\DPM225407_NguyenHuuDuy_Patterns_19_Observer.csproj", "{9959981E-122E-4E11-991B-E1DB2D233E53}"
EndProject
Project("{FAE04EC0-301F-11D3-BF4B-00C04F79EFBC}") = "DPM225407_NguyenHuuDuy_Real_19_Observer", "DPM225407_NguyenHuuDuy_Real_19_Observer\DPM225407_NguyenHuuDuy_Real_19_Observer.csproj", "{706A405C-1F34-4836-8A21-2056296199B5}"
EndProject
Project("{FAE04EC0-301F-11D3-BF4B-00C04F79EFBC}") = "DPM225407_NguyenHuuDuy_Patterns_20_State", "DPM225407_NguyenHuuDuy_Patterns_20_State\DPM225407_NguyenHuuDuy_Patterns_20_State.csproj", "{B8F5F52B-F460-4028-840C-94B187B27433}"
EndProject
Global
	GlobalSection(SolutionConfigurationPlatforms) = preSolution
		Debug|Any CPU = Debug|Any CPU
		Release|Any CPU = Release|Any CPU
	EndGlobalSection
	GlobalSection(ProjectConfigurationPlatforms) = postSolution
		{126A4743-65E6-4C93-A005-61026A7C2280}.Debug|Any CPU.ActiveCfg = Debug|Any CPU
		{126A4743-65E6-4C93-A005-61026A7C2280}.Debug|Any CPU.Build.0 = Debug|Any CPU
		{126A4743-65E6-4C93-A005-61026A7C2280}.Release|Any CPU.ActiveCfg = Release|Any CPU
		{126A4743-65E6-4C93-A005-61026A7C2280}.Release|Any CPU.Build.0 = Release|Any CPU
		{3753886A-977F-4234-AA3E-1169E1BAA6B0}.Debug|Any CPU.ActiveCfg = Debug|Any CPU
		{3753886A-977F-4234-AA3E-1169E1BAA6B0}.Debug|Any CPU.Build.0 = Debug|Any CPU
		{3753886A-977F-4234-AA3E-1169E1BAA6B0}.Release|Any CPU.ActiveCfg = Release|Any CPU
		{3753886A-977F-4234-AA3E-1169E1BAA6B0}.Release|Any CPU.Build.0 = Release|Any CPU
		{3FC3A150-A330-4178-849E-7DEA958AE173}.Debug|Any CPU.ActiveCfg = Debug|Any CPU
		{3FC3A150-A330-4178-849E-7DEA958AE173}.Debug|Any CPU.Build.0 = Debug|Any CPU
		{3FC3A150-A330-4178-849E-7DEA958AE173}.Release|Any CPU.ActiveCfg = Release|Any CPU
		{3FC3A150-A330-4178-849E-7DEA958AE173}.Release|Any CPU.Build.0 = Release|Any CPU
		{EF699C97-9D93-4AFA-9916-4AA530CFB404}.Debug|Any CPU.ActiveCfg = Debug|Any CPU
		{EF699C97-9D93-4AFA-9916-4AA530CFB404}.Debug|Any CPU.Build.0 = Debug|Any CPU
		{EF699C97-9D93-4AFA-9916-4AA530CFB404}.Release|Any CPU.ActiveCfg = Release|Any CPU
		{EF699C97-9D93-4AFA-9916-4AA530CFB404}.Release|Any CPU.Build.0 = Release|Any CPU
		{B95C9653-6E48-4EF5-A8B4-39506078B450}.Debug|Any CPU.ActiveCfg = Debug|Any CPU
		{B95C9653-6E48-4EF5-A8B4-39506078B450}.Debug|Any CPU.Build.0 = Debug|Any CPU
		{B95C9653-6E48-4EF5-A8B4-39506078B450}.Release|Any CPU.ActiveCfg = Release|Any CPU
		{B95C9653-6E48-4EF5-A8B4-39506078B450}.Release|Any CPU.Build.0 = Release|Any CPU
		{50A21CD8-6BE1-473E-9264-5E9A71C6C640}.Debug|Any CPU.ActiveCfg = Debug|Any CPU
		{50A21CD8-6BE1-473E-9264-5E9A71C6C640}.Debug|Any CPU.Build.0 = Debug|Any CPU
		{50A21CD8-6BE1-473E-9264-5E9A71C6C640}.Release|Any CPU.ActiveCfg = Release|Any CPU
		{50A21CD8-6BE1-473E-9264-5E9A71C6C640}.Release|Any CPU.Build.0 = Release|Any CPU
		{C4082BD7-82A9-4478-B7C9-EC182DA4334C}.Debug|Any CPU.ActiveCfg = Debug|Any CPU
		{C4082BD7-82A9-4478-B7C9-EC182DA4334C}.Debug|Any CPU.Build.0 = Debug|Any CPU
		{C4082BD7-82A9-4478-B7C9-EC182DA4334C}.Release|Any CPU.ActiveCfg = Release|Any CPU
		{C4082BD7-82A9-4478-B7C9-EC182DA4334C}.Release|Any CPU.Build.0 = Release|Any CPU
		{5F7E7C67-D3FC-4D1B-A39F-CE3B8C69008A}.Debug|Any CPU.ActiveCfg = Debug|Any CPU
		{5F7E7C67-D3FC-4D1B-A39F-CE3B8C69008A}.Debug|Any CPU.Build.0 = Debug|Any CPU
		{5F7E7C67-D3FC-4D1B-A39F-CE3B8C69008A}.Release|Any CPU.ActiveCfg = Release|Any CPU
		{5F7E7C67-D3FC-4D1B-A39F-CE3B8C69008A}.Release|Any CPU.Build.0 = Release|Any CPU
		{C8DE3AEE-5EC7-44EF-A0D0-E6A3C42511B4}.Debug|Any CPU.ActiveCfg = Debug|Any CPU
		{C8DE3AEE-5EC7-44EF-A0D0-E6A3C42511B4}.Debug|Any CPU.Build.0 = Debug|Any CPU
		{C8DE3AEE-5EC7-44EF-A0D0-E6A3C42511B4}.Release|Any CPU.ActiveCfg = Release|Any CPU
		{C8DE3AEE-5EC7-44EF-A0D0-E6A3C42511B4}.Release|Any CPU.Build.0 = Release|Any CPU
		{61391C8C-EFED-4DFE-B0C1-B60F8F2CE775}.Debug|Any CPU.ActiveCfg = Debug|Any CPU
		{61391C8C-EFED-4DFE-B0C1-B60F8F2CE775}.Debug|Any CPU.Build.0 = Debug|Any CPU
		{61391C8C-EFED-4DFE-B0C1-B60F8F2CE775}.Release|Any CPU.ActiveCfg = Release|Any CPU
		{61391C8C-EFED-4DFE-B0C1-B60F8F2CE775}.Release|Any CPU.Build.0 = Release|Any CPU
		{39028358-36F9-4F92-8125-559DBC995CF9}.Debug|Any CPU.ActiveCfg = Debug|Any CPU
		{39028358-36F9-4F92-8125-559DBC995CF9}.Debug|Any CPU.Build.0 = Debug|Any CPU
		{39028358-36F9-4F92-8125-559DBC995CF9}.Release|Any CPU.ActiveCfg = Release|Any CPU
		{39028358-36F9-4F92-8125-559DBC995CF9}.Release|Any CPU.Build.0 = Release|Any CPU
		{99CE40F8-EC41-4537-BDA6-3CFF4057D62F}.Debug|Any CPU.ActiveCfg = Debug|Any CPU
		{99CE40F8-EC41-4537-BDA6-3CFF4057D62F}.Debug|Any CPU.Build.0 = Debug|Any CPU
		{99CE40F8-EC41-4537-BDA6-3CFF4057D62F}.Release|Any CPU.ActiveCfg = Release|Any CPU
		{99CE40F8-EC41-4537-BDA6-3CFF4057D62F}.Release|Any CPU.Build.0 = Release|Any CPU
		{5970A876-BF43-49DF-ADCC-0DA1E8CD6AE5}.Debug|Any CPU.ActiveCfg = Debug|Any CPU
		{5970A876-BF43-49DF-ADCC-0DA1E8CD6AE5}.Debug|Any CPU.Build.0 = Debug|Any CPU
		{5970A876-BF43-49DF-ADCC-0DA1E8CD6AE5}.Release|Any CPU.ActiveCfg = Release|Any CPU
		{5970A876-BF43-49DF-ADCC-0DA1E8CD6AE5}.Release|Any CPU.Build.0 = Release|Any CPU
		{43583CDE-D19B-49F9-ACE2-9EE9A96172E8}.Debug|Any CPU.ActiveCfg = Debug|Any CPU
		{43583CDE-D19B-49F9-ACE2-9EE9A96172E8}.Debug|Any CPU.Build.0 = Debug|Any CPU
		{43583CDE-D19B-49F9-ACE2-9EE9A96172E8}.Release|Any CPU.ActiveCfg = Release|Any CPU
		{43583CDE-D19B-49F9-ACE2-9EE9A96172E8}.Release|Any CPU.Build.0 = Release|Any CPU
		{ABE235A0-30AC-4A55-A9C3-83BCFCA5C4FB}.Debug|Any CPU.ActiveCfg = Debug|Any CPU
		{ABE235A0-30AC-4A55-A9C3-83BCFCA5C4FB}.Debug|Any CPU.Build.0 = Debug|Any CPU
		{ABE235A0-30AC-4A55-A9C3-83BCFCA5C4FB}.Release|Any CPU.ActiveCfg = Release|Any CPU
		{ABE235A0-30AC-4A55-A9C3-83BCFCA5C4FB}.Release|Any CPU.Build.0 = Release|Any CPU
		{3086BC36-ECD1-4821-BBDF-82A3CE4B599F}.Debug|Any CPU.ActiveCfg = Debug|Any CPU
		{3086BC36-ECD1-4821-BBDF-82A3CE4B599F}.Debug|Any CPU.Build.0 = Debug|Any CPU
		{3086BC36-ECD1-4821-BBDF-82A3CE4B599F}.Release|Any CPU.ActiveCfg = Release|Any CPU
		{3086BC36-ECD1-4821-BBDF-82A3CE4B599F}.Release|Any CPU.Build.0 = Release|Any CPU
		{754738AC-2F02-45A7-B48E-42F615E9E696}.Debug|Any CPU.ActiveCfg = Debug|Any CPU
		{754738AC-2F02-45A7-B48E-42F615E9E696}.Debug|Any CPU.Build.0 = Debug|Any CPU
		{754738AC-2F02-45A7-B48E-42F615E9E696}.Release|Any CPU.ActiveCfg = Release|Any CPU
		{754738AC-2F02-45A7-B48E-42F615E9E696}.Release|Any CPU.Build.0 = Release|Any CPU
		{18F3C4EB-8F78-476D-AA60-0EE9FAAF3DC0}.Debug|Any CPU.ActiveCfg = Debug|Any CPU
		{18F3C4EB-8F78-476D-AA60-0EE9FAAF3DC0}.Debug|Any CPU.Build.0 = Debug|Any CPU
		{18F3C4EB-8F78-476D-AA60-0EE9FAAF3DC0}.Release|Any CPU.ActiveCfg = Release|Any CPU
		{18F3C4EB-8F78-476D-AA60-0EE9FAAF3DC0}.Release|Any CPU.Build.0 = Release|Any CPU
		{BAC58781-08F2-4862-BB05-D5C982AF8496}.Debug|Any CPU.ActiveCfg = Debug|Any CPU
		{BAC58781-08F2-4862-BB05-D5C982AF8496}.Debug|Any CPU.Build.0 = Debug|Any CPU
		{BAC58781-08F2-4862-BB05-D5C982AF8496}.Release|Any CPU.ActiveCfg = Release|Any CPU
		{BAC58781-08F2-4862-BB05-D5C982AF8496}.Release|Any CPU.Build.0 = Release|Any CPU
		{AF400116-4135-4A2A-8BA2-03357F7FB4FA}.Debug|Any CPU.ActiveCfg = Debug|Any CPU
		{AF400116-4135-4A2A-8BA2-03357F7FB4FA}.Debug|Any CPU.Build.0 = Debug|Any CPU
		{AF400116-4135-4A2A-8BA2-03357F7FB4FA}.Release|Any CPU.ActiveCfg = Release|Any CPU
		{AF400116-4135-4A2A-8BA2-03357F7FB4FA}.Release|Any CPU.Build.0 = Release|Any CPU
		{58920B9C-1948-4B6E-AD0A-5F7190A4DE21}.Debug|Any CPU.ActiveCfg = Debug|Any CPU
		{58920B9C-1948-4B6E-AD0A-5F7190A4DE21}.Debug|Any CPU.Build.0 = Debug|Any CPU
		{58920B9C-1948-4B6E-AD0A-5F7190A4DE21}.Release|Any CPU.ActiveCfg = Release|Any CPU
		{58920B9C-1948-4B6E-AD0A-5F7190A4DE21}.Release|Any CPU.Build.0 = Release|Any CPU
		{54836F9D-157D-4BE3-B844-FA4B36DE5B06}.Debug|Any CPU.ActiveCfg = Debug|Any CPU
		{54836F9D-157D-4BE3-B844-FA4B36DE5B06}.Debug|Any CPU.Build.0 = Debug|Any CPU
		{54836F9D-157D-4BE3-B844-FA4B36DE5B06}.Release|Any CPU.ActiveCfg = Release|Any CPU
		{54836F9D-157D-4BE3-B844-FA4B36DE5B06}.Release|Any CPU.Build.0 = Release|Any CPU
		{202D5121-6F3B-4679-BCFD-96EC3C1635A4}.Debug|Any CPU.ActiveCfg = Debug|Any CPU
		{202D5121-6F3B-4679-BCFD-96EC3C1635A4}.Debug|Any CPU.Build.0 = Debug|Any CPU
		{202D5121-6F3B-4679-BCFD-96EC3C1635A4}.Release|Any CPU.ActiveCfg = Release|Any CPU
		{202D5121-6F3B-4679-BCFD-96EC3C1635A4}.Release|Any CPU.Build.0 = Release|Any CPU
		{27CC632C-C48B-4392-871E-A4077541710B}.Debug|Any CPU.ActiveCfg = Debug|Any CPU
		{27CC632C-C48B-4392-871E-A4077541710B}.Debug|Any CPU.Build.0 = Debug|Any CPU
		{27CC632C-C48B-4392-871E-A4077541710B}.Release|Any CPU.ActiveCfg = Release|Any CPU
		{27CC632C-C48B-4392-871E-A4077541710B}.Release|Any CPU.Build.0 = Release|Any CPU
		{1651A631-EF32-4C74-ADD9-58845BB005F2}.Debug|Any CPU.ActiveCfg = Debug|Any CPU
		{1651A631-EF32-4C74-ADD9-58845BB005F2}.Debug|Any CPU.Build.0 = Debug|Any CPU
		{1651A631-EF32-4C74-ADD9-58845BB005F2}.Release|Any CPU.ActiveCfg = Release|Any CPU
		{1651A631-EF32-4C74-ADD9-58845BB005F2}.Release|Any CPU.Build.0 = Release|Any CPU
		{26C42B49-5050-4F6A-BA31-C461ECA2A10E}.Debug|Any CPU.ActiveCfg = Debug|Any CPU
		{26C42B49-5050-4F6A-BA31-C461ECA2A10E}.Debug|Any CPU.Build.0 = Debug|Any CPU
		{26C42B49-5050-4F6A-BA31-C461ECA2A10E}.Release|Any CPU.ActiveCfg = Release|Any CPU
		{26C42B49-5050-4F6A-BA31-C461ECA2A10E}.Release|Any CPU.Build.0 = Release|Any CPU
		{4DD6D5D8-EF72-4CB2-84D0-03E8AAC21862}.Debug|Any CPU.ActiveCfg = Debug|Any CPU
		{4DD6D5D8-EF72-4CB2-84D0-03E8AAC21862}.Debug|Any CPU.Build.0 = Debug|Any CPU
		{4DD6D5D8-EF72-4CB2-84D0-03E8AAC21862}.Release|Any CPU.ActiveCfg = Release|Any CPU
		{4DD6D5D8-EF72-4CB2-84D0-03E8AAC21862}.Release|Any CPU.Build.0 = Release|Any CPU
		{3721179C-9C91-442D-AD16-E8132EF0C0A0}.Debug|Any CPU.ActiveCfg = Debug|Any CPU
		{3721179C-9C91-442D-AD16-E8132EF0C0A0}.Debug|Any CPU.Build.0 = Debug|Any CPU
		{3721179C-9C91-442D-AD16-E8132EF0C0A0}.Release|Any CPU.ActiveCfg = Release|Any CPU
		{3721179C-9C91-442D-AD16-E8132EF0C0A0}.Release|Any CPU.Build.0 = Release|Any CPU
		{376C488B-2802-40D0-9740-9F88FD681CD5}.Debug|Any CPU.ActiveCfg = Debug|Any CPU
		{376C488B-2802-40D0-9740-9F88FD681CD5}.Debug|Any CPU.Build.0 = Debug|Any CPU
		{376C488B-2802-40D0-9740-9F88FD681CD5}.Release|Any CPU.ActiveCfg = Release|Any CPU
		{376C488B-2802-40D0-9740-9F88FD681CD5}.Release|Any CPU.Build.0 = Release|Any CPU
		{4B43E5AB-38E2-46F6-B9F6-29808C6698DB}.Debug|Any CPU.ActiveCfg = Debug|Any CPU
		{4B43E5AB-38E2-46F6-B9F6-29808C6698DB}.Debug|Any CPU.Build.0 = Debug|Any CPU
		{4B43E5AB-38E2-46F6-B9F6-29808C6698DB}.Release|Any CPU.ActiveCfg = Release|Any CPU
		{4B43E5AB-38E2-46F6-B9F6-29808C6698DB}.Release|Any CPU.Build.0 = Release|Any CPU
		{BDF1FD8E-C59F-4D39-B0E4-4711631F8F28}.Debug|Any CPU.ActiveCfg = Debug|Any CPU
		{BDF1FD8E-C59F-4D39-B0E4-4711631F8F28}.Debug|Any CPU.Build.0 = Debug|Any CPU
		{BDF1FD8E-C59F-4D39-B0E4-4711631F8F28}.Release|Any CPU.ActiveCfg = Release|Any CPU
		{BDF1FD8E-C59F-4D39-B0E4-4711631F8F28}.Release|Any CPU.Build.0 = Release|Any CPU
		{14453A67-B411-430B-AD6B-A2974B877821}.Debug|Any CPU.ActiveCfg = Debug|Any CPU
		{14453A67-B411-430B-AD6B-A2974B877821}.Debug|Any CPU.Build.0 = Debug|Any CPU
		{14453A67-B411-430B-AD6B-A2974B877821}.Release|Any CPU.ActiveCfg = Release|Any CPU
		{14453A67-B411-430B-AD6B-A2974B877821}.Release|Any CPU.Build.0 = Release|Any CPU
		{65B2DF0D-961D-4B37-9BD9-A6F68BCCD288}.Debug|Any CPU.ActiveCfg = Debug|Any CPU
		{65B2DF0D-961D-4B37-9BD9-A6F68BCCD288}.Debug|Any CPU.Build.0 = Debug|Any CPU
		{65B2DF0D-961D-4B37-9BD9-A6F68BCCD288}.Release|Any CPU.ActiveCfg = Release|Any CPU
		{65B2DF0D-961D-4B37-9BD9-A6F68BCCD288}.Release|Any CPU.Build.0 = Release|Any CPU
		{974C7C95-5CAE-4054-BB77-48F2910D504F}.Debug|Any CPU.ActiveCfg = Debug|Any CPU
		{974C7C95-5CAE-4054-BB77-48F2910D504F}.Debug|Any CPU.Build.0 = Debug|Any CPU
		{974C7C95-5CAE-4054-BB77-48F2910D504F}.Release|Any CPU.ActiveCfg = Release|Any CPU
		{974C7C95-5CAE-4054-BB77-48F2910D504F}.Release|Any CPU.Build.0 = Release|Any CPU
		{EF713CBA-938B-4F70-A10A-A7BC0DB78F1E}.Debug|Any CPU.ActiveCfg = Debug|Any CPU
		{EF713CBA-938B-4F70-A10A-A7BC0DB78F1E}.Debug|Any CPU.Build.0 = Debug|Any CPU
		{EF713CBA-938B-4F70-A10A-A7BC0DB78F1E}.Release|Any CPU.ActiveCfg = Release|Any CPU
		{EF713CBA-938B-4F70-A10A-A7BC0DB78F1E}.Release|Any CPU.Build.0 = Release|Any CPU
		{9FF60004-33FF-4B0F-9C18-8B37B6B1AA66}.Debug|Any CPU.ActiveCfg = Debug|Any CPU
		{9FF60004-33FF-4B0F-9C18-8B37B6B1AA66}.Debug|Any CPU.Build.0 = Debug|Any CPU
		{9FF60004-33FF-4B0F-9C18-8B37B6B1AA66}.Release|Any CPU.ActiveCfg = Release|Any CPU
		{9FF60004-33FF-4B0F-9C18-8B37B6B1AA66}.Release|Any CPU.Build.0 = Release|Any CPU
		{9959981E-122E-4E11-991B-E1DB2D233E53}.Debug|Any CPU.ActiveCfg = Debug|Any CPU
		{9959981E-122E-4E11-991B-E1DB2D233E53}.Debug|Any CPU.Build.0 = Debug|Any CPU
		{9959981E-122E-4E11-991B-E1DB2D233E53}.Release|Any CPU.ActiveCfg = Release|Any CPU
		{9959981E-122E-4E11-991B-E1DB2D233E53}.Release|Any CPU.Build.0 = Release|Any CPU
		{706A405C-1F34-4836-8A21-2056296199B5}.Debug|Any CPU.ActiveCfg = Debug|Any CPU
		{706A405C-1F34-4836-8A21-2056296199B5}.Debug|Any CPU.Build.0 = Debug|Any CPU
		{706A405C-1F34-4836-8A21-2056296199B5}.Release|Any CPU.ActiveCfg = Release|Any CPU
		{706A405C-1F34-4836-8A21-2056296199B5}.Release|Any CPU.Build.0 = Release|Any CPU
		{B8F5F52B-F460-4028-840C-94B187B27433}.Debug|Any CPU.ActiveCfg = Debug|Any CPU
		{B8F5F52B-F460-4028-840C-94B187B27433}.Debug|Any CPU.Build.0 = Debug|Any CPU
		{B8F5F52B-F460-4028-840C-94B187B27433}.Release|Any CPU.ActiveCfg = Release|Any CPU
		{B8F5F52B-F460-4028-840C-94B187B27433}.Release|Any CPU.Build.0 = Release|Any CPU
	EndGlobalSection
	GlobalSection(SolutionProperties) = preSolution
		HideSolutionNode = FALSE
	EndGlobalSection
	GlobalSection(ExtensibilityGlobals) = postSolution
		SolutionGuid = {92C5A786-86A7-4463-A679-5FA70D3C2AE5}
	EndGlobalSection
EndGlobal
