
Microsoft Visual Studio Solution File, Format Version 12.00
# Visual Studio Version 17
VisualStudioVersion = 17.13.35825.156
MinimumVisualStudioVersion = 10.0.40219.1
Project("{FAE04EC0-301F-11D3-BF4B-00C04F79EFBC}") = "Pattern_Interator", "DPM225470_NguyenNgocTam\Pattern_Interator.csproj", "{9AC0A0D4-72A8-4C32-A545-17B40C8766A1}"
EndProject
Project("{FAE04EC0-301F-11D3-BF4B-00C04F79EFBC}") = "Real_Interator", "Real_Interator\Real_Interator.csproj", "{B7D6601F-22E8-4956-B13B-F201444F9CD8}"
EndProject
Project("{FAE04EC0-301F-11D3-BF4B-00C04F79EFBC}") = "MyWorld_Interator", "MyWorld_Interator\MyWorld_Interator.csproj", "{FB86B9CB-990F-4993-808F-9E5FC43D05D9}"
EndProject
Global
	GlobalSection(SolutionConfigurationPlatforms) = preSolution
		Debug|Any CPU = Debug|Any CPU
		Release|Any CPU = Release|Any CPU
	EndGlobalSection
	GlobalSection(ProjectConfigurationPlatforms) = postSolution
		{9AC0A0D4-72A8-4C32-A545-17B40C8766A1}.Debug|Any CPU.ActiveCfg = Debug|Any CPU
		{9AC0A0D4-72A8-4C32-A545-17B40C8766A1}.Debug|Any CPU.Build.0 = Debug|Any CPU
		{9AC0A0D4-72A8-4C32-A545-17B40C8766A1}.Release|Any CPU.ActiveCfg = Release|Any CPU
		{9AC0A0D4-72A8-4C32-A545-17B40C8766A1}.Release|Any CPU.Build.0 = Release|Any CPU
		{B7D6601F-22E8-4956-B13B-F201444F9CD8}.Debug|Any CPU.ActiveCfg = Debug|Any CPU
		{B7D6601F-22E8-4956-B13B-F201444F9CD8}.Debug|Any CPU.Build.0 = Debug|Any CPU
		{B7D6601F-22E8-4956-B13B-F201444F9CD8}.Release|Any CPU.ActiveCfg = Release|Any CPU
		{B7D6601F-22E8-4956-B13B-F201444F9CD8}.Release|Any CPU.Build.0 = Release|Any CPU
		{FB86B9CB-990F-4993-808F-9E5FC43D05D9}.Debug|Any CPU.ActiveCfg = Debug|Any CPU
		{FB86B9CB-990F-4993-808F-9E5FC43D05D9}.Debug|Any CPU.Build.0 = Debug|Any CPU
		{FB86B9CB-990F-4993-808F-9E5FC43D05D9}.Release|Any CPU.ActiveCfg = Release|Any CPU
		{FB86B9CB-990F-4993-808F-9E5FC43D05D9}.Release|Any CPU.Build.0 = Release|Any CPU
	EndGlobalSection
	GlobalSection(SolutionProperties) = preSolution
		HideSolutionNode = FALSE
	EndGlobalSection
	GlobalSection(ExtensibilityGlobals) = postSolution
		SolutionGuid = {94E05FF2-E299-496B-81F3-FC27C477BE7E}
	EndGlobalSection
EndGlobal
